// !$*UTF8*$!
{
	archiveVersion = 1;
	classes = {
	};
	objectVersion = 46;
	objects = {

/* Begin PBXBuildFile section */
		06C19B5B1B42038E00ECE7B0 /* AppDelegate.swift in Sources */ = {isa = PBXBuildFile; fileRef = 06C19B5A1B42038E00ECE7B0 /* AppDelegate.swift */; };
		06C19B5D1B42038E00ECE7B0 /* ViewController.swift in Sources */ = {isa = PBXBuildFile; fileRef = 06C19B5C1B42038E00ECE7B0 /* ViewController.swift */; };
		06C19B601B42038E00ECE7B0 /* Main.storyboard in Resources */ = {isa = PBXBuildFile; fileRef = 06C19B5E1B42038E00ECE7B0 /* Main.storyboard */; };
		06C19B621B42038E00ECE7B0 /* Images.xcassets in Resources */ = {isa = PBXBuildFile; fileRef = 06C19B611B42038E00ECE7B0 /* Images.xcassets */; };
		06C19B651B42038E00ECE7B0 /* LaunchScreen.xib in Resources */ = {isa = PBXBuildFile; fileRef = 06C19B631B42038E00ECE7B0 /* LaunchScreen.xib */; };
		06C19B711B42038E00ECE7B0 /* ClickCounterTests.swift in Sources */ = {isa = PBXBuildFile; fileRef = 06C19B701B42038E00ECE7B0 /* ClickCounterTests.swift */; };
/* End PBXBuildFile section */

/* Begin PBXContainerItemProxy section */
		06C19B6B1B42038E00ECE7B0 /* PBXContainerItemProxy */ = {
			isa = PBXContainerItemProxy;
			containerPortal = 06C19B4D1B42038E00ECE7B0 /* Project object */;
			proxyType = 1;
			remoteGlobalIDString = 06C19B541B42038E00ECE7B0;
			remoteInfo = ClickCounter;
		};
/* End PBXContainerItemProxy section */

/* Begin PBXFileReference section */
		06C19B551B42038E00ECE7B0 /* ClickCounter.app */ = {isa = PBXFileReference; explicitFileType = wrapper.application; includeInIndex = 0; path = ClickCounter.app; sourceTree = BUILT_PRODUCTS_DIR; };
		06C19B591B42038E00ECE7B0 /* Info.plist */ = {isa = PBXFileReference; lastKnownFileType = text.plist.xml; path = Info.plist; sourceTree = "<group>"; };
		06C19B5A1B42038E00ECE7B0 /* AppDelegate.swift */ = {isa = PBXFileReference; lastKnownFileType = sourcecode.swift; path = AppDelegate.swift; sourceTree = "<group>"; };
		06C19B5C1B42038E00ECE7B0 /* ViewController.swift */ = {isa = PBXFileReference; lastKnownFileType = sourcecode.swift; path = ViewController.swift; sourceTree = "<group>"; };
		06C19B5F1B42038E00ECE7B0 /* Base */ = {isa = PBXFileReference; lastKnownFileType = file.storyboard; name = Base; path = Base.lproj/Main.storyboard; sourceTree = "<group>"; };
		06C19B611B42038E00ECE7B0 /* Images.xcassets */ = {isa = PBXFileReference; lastKnownFileType = folder.assetcatalog; path = Images.xcassets; sourceTree = "<group>"; };
		06C19B641B42038E00ECE7B0 /* Base */ = {isa = PBXFileReference; lastKnownFileType = file.xib; name = Base; path = Base.lproj/LaunchScreen.xib; sourceTree = "<group>"; };
		06C19B6A1B42038E00ECE7B0 /* ClickCounterTests.xctest */ = {isa = PBXFileReference; explicitFileType = wrapper.cfbundle; includeInIndex = 0; path = ClickCounterTests.xctest; sourceTree = BUILT_PRODUCTS_DIR; };
		06C19B6F1B42038E00ECE7B0 /* Info.plist */ = {isa = PBXFileReference; lastKnownFileType = text.plist.xml; path = Info.plist; sourceTree = "<group>"; };
		06C19B701B42038E00ECE7B0 /* ClickCounterTests.swift */ = {isa = PBXFileReference; lastKnownFileType = sourcecode.swift; path = ClickCounterTests.swift; sourceTree = "<group>"; };
/* End PBXFileReference section */

/* Begin PBXFrameworksBuildPhase section */
		06C19B521B42038E00ECE7B0 /* Frameworks */ = {
			isa = PBXFrameworksBuildPhase;
			buildActionMask = 2147483647;
			files = (
			);
			runOnlyForDeploymentPostprocessing = 0;
		};
		06C19B671B42038E00ECE7B0 /* Frameworks */ = {
			isa = PBXFrameworksBuildPhase;
			buildActionMask = 2147483647;
			files = (
			);
			runOnlyForDeploymentPostprocessing = 0;
		};
/* End PBXFrameworksBuildPhase section */

/* Begin PBXGroup section */
		06C19B4C1B42038E00ECE7B0 = {
			isa = PBXGroup;
			children = (
				06C19B571B42038E00ECE7B0 /* ClickCounter */,
				06C19B6D1B42038E00ECE7B0 /* ClickCounterTests */,
				06C19B561B42038E00ECE7B0 /* Products */,
			);
			sourceTree = "<group>";
		};
		06C19B561B42038E00ECE7B0 /* Products */ = {
			isa = PBXGroup;
			children = (
				06C19B551B42038E00ECE7B0 /* ClickCounter.app */,
				06C19B6A1B42038E00ECE7B0 /* ClickCounterTests.xctest */,
			);
			name = Products;
			sourceTree = "<group>";
		};
		06C19B571B42038E00ECE7B0 /* ClickCounter */ = {
			isa = PBXGroup;
			children = (
				06C19B5A1B42038E00ECE7B0 /* AppDelegate.swift */,
				06C19B5C1B42038E00ECE7B0 /* ViewController.swift */,
				06C19B5E1B42038E00ECE7B0 /* Main.storyboard */,
				06C19B611B42038E00ECE7B0 /* Images.xcassets */,
				06C19B631B42038E00ECE7B0 /* LaunchScreen.xib */,
				06C19B581B42038E00ECE7B0 /* Supporting Files */,
			);
			path = ClickCounter;
			sourceTree = "<group>";
		};
		06C19B581B42038E00ECE7B0 /* Supporting Files */ = {
			isa = PBXGroup;
			children = (
				06C19B591B42038E00ECE7B0 /* Info.plist */,
			);
			name = "Supporting Files";
			sourceTree = "<group>";
		};
		06C19B6D1B42038E00ECE7B0 /* ClickCounterTests */ = {
			isa = PBXGroup;
			children = (
				06C19B701B42038E00ECE7B0 /* ClickCounterTests.swift */,
				06C19B6E1B42038E00ECE7B0 /* Supporting Files */,
			);
			path = ClickCounterTests;
			sourceTree = "<group>";
		};
		06C19B6E1B42038E00ECE7B0 /* Supporting Files */ = {
			isa = PBXGroup;
			children = (
				06C19B6F1B42038E00ECE7B0 /* Info.plist */,
			);
			name = "Supporting Files";
			sourceTree = "<group>";
		};
/* End PBXGroup section */

/* Begin PBXNativeTarget section */
		06C19B541B42038E00ECE7B0 /* ClickCounter */ = {
			isa = PBXNativeTarget;
			buildConfigurationList = 06C19B741B42038E00ECE7B0 /* Build configuration list for PBXNativeTarget "ClickCounter" */;
			buildPhases = (
				06C19B511B42038E00ECE7B0 /* Sources */,
				06C19B521B42038E00ECE7B0 /* Frameworks */,
				06C19B531B42038E00ECE7B0 /* Resources */,
			);
			buildRules = (
			);
			dependencies = (
			);
			name = ClickCounter;
			productName = ClickCounter;
			productReference = 06C19B551B42038E00ECE7B0 /* ClickCounter.app */;
			productType = "com.apple.product-type.application";
		};
		06C19B691B42038E00ECE7B0 /* ClickCounterTests */ = {
			isa = PBXNativeTarget;
			buildConfigurationList = 06C19B771B42038E00ECE7B0 /* Build configuration list for PBXNativeTarget "ClickCounterTests" */;
			buildPhases = (
				06C19B661B42038E00ECE7B0 /* Sources */,
				06C19B671B42038E00ECE7B0 /* Frameworks */,
				06C19B681B42038E00ECE7B0 /* Resources */,
			);
			buildRules = (
			);
			dependencies = (
				06C19B6C1B42038E00ECE7B0 /* PBXTargetDependency */,
			);
			name = ClickCounterTests;
			productName = ClickCounterTests;
			productReference = 06C19B6A1B42038E00ECE7B0 /* ClickCounterTests.xctest */;
			productType = "com.apple.product-type.bundle.unit-test";
		};
/* End PBXNativeTarget section */

/* Begin PBXProject section */
		06C19B4D1B42038E00ECE7B0 /* Project object */ = {
			isa = PBXProject;
			attributes = {
				LastUpgradeCheck = 0630;
				ORGANIZATIONNAME = "Tu Tong";
				TargetAttributes = {
					06C19B541B42038E00ECE7B0 = {
						CreatedOnToolsVersion = 6.3.2;
					};
					06C19B691B42038E00ECE7B0 = {
						CreatedOnToolsVersion = 6.3.2;
						TestTargetID = 06C19B541B42038E00ECE7B0;
					};
				};
			};
			buildConfigurationList = 06C19B501B42038E00ECE7B0 /* Build configuration list for PBXProject "ClickCounter" */;
			compatibilityVersion = "Xcode 3.2";
			developmentRegion = English;
			hasScannedForEncodings = 0;
			knownRegions = (
				en,
				Base,
			);
			mainGroup = 06C19B4C1B42038E00ECE7B0;
			productRefGroup = 06C19B561B42038E00ECE7B0 /* Products */;
			projectDirPath = "";
			projectRoot = "";
			targets = (
				06C19B541B42038E00ECE7B0 /* ClickCounter */,
				06C19B691B42038E00ECE7B0 /* ClickCounterTests */,
			);
		};
/* End PBXProject section */

/* Begin PBXResourcesBuildPhase section */
		06C19B531B42038E00ECE7B0 /* Resources */ = {
			isa = PBXResourcesBuildPhase;
			buildActionMask = 2147483647;
			files = (
				06C19B601B42038E00ECE7B0 /* Main.storyboard in Resources */,
				06C19B651B42038E00ECE7B0 /* LaunchScreen.xib in Resources */,
				06C19B621B42038E00ECE7B0 /* Images.xcassets in Resources */,
			);
			runOnlyForDeploymentPostprocessing = 0;
		};
		06C19B681B42038E00ECE7B0 /* Resources */ = {
			isa = PBXResourcesBuildPhase;
			buildActionMask = 2147483647;
			files = (
			);
			runOnlyForDeploymentPostprocessing = 0;
		};
/* End PBXResourcesBuildPhase section */

/* Begin PBXSourcesBuildPhase section */
		06C19B511B42038E00ECE7B0 /* Sources */ = {
			isa = PBXSourcesBuildPhase;
			buildActionMask = 2147483647;
			files = (
				06C19B5D1B42038E00ECE7B0 /* ViewController.swift in Sources */,
				06C19B5B1B42038E00ECE7B0 /* AppDelegate.swift in Sources */,
			);
			runOnlyForDeploymentPostprocessing = 0;
		};
		06C19B661B42038E00ECE7B0 /* Sources */ = {
			isa = PBXSourcesBuildPhase;
			buildActionMask = 2147483647;
			files = (
				06C19B711B42038E00ECE7B0 /* ClickCounterTests.swift in Sources */,
			);
			runOnlyForDeploymentPostprocessing = 0;
		};
/* End PBXSourcesBuildPhase section */

/* Begin PBXTargetDependency section */
		06C19B6C1B42038E00ECE7B0 /* PBXTargetDependency */ = {
			isa = PBXTargetDependency;
			target = 06C19B541B42038E00ECE7B0 /* ClickCounter */;
			targetProxy = 06C19B6B1B42038E00ECE7B0 /* PBXContainerItemProxy */;
		};
/* End PBXTargetDependency section */

/* Begin PBXVariantGroup section */
		06C19B5E1B42038E00ECE7B0 /* Main.storyboard */ = {
			isa = PBXVariantGroup;
			children = (
				06C19B5F1B42038E00ECE7B0 /* Base */,
			);
			name = Main.storyboard;
			sourceTree = "<group>";
		};
		06C19B631B42038E00ECE7B0 /* LaunchScreen.xib */ = {
			isa = PBXVariantGroup;
			children = (
				06C19B641B42038E00ECE7B0 /* Base */,
			);
			name = LaunchScreen.xib;
			sourceTree = "<group>";
		};
/* End PBXVariantGroup section */

/* Begin XCBuildConfiguration section */
		06C19B721B42038E00ECE7B0 /* Debug */ = {
			isa = XCBuildConfiguration;
			buildSettings = {
				ALWAYS_SEARCH_USER_PATHS = NO;
				CLANG_CXX_LANGUAGE_STANDARD = "gnu++0x";
				CLANG_CXX_LIBRARY = "libc++";
				CLANG_ENABLE_MODULES = YES;
				CLANG_ENABLE_OBJC_ARC = YES;
				CLANG_WARN_BOOL_CONVERSION = YES;
				CLANG_WARN_CONSTANT_CONVERSION = YES;
				CLANG_WARN_DIRECT_OBJC_ISA_USAGE = YES_ERROR;
				CLANG_WARN_EMPTY_BODY = YES;
				CLANG_WARN_ENUM_CONVERSION = YES;
				CLANG_WARN_INT_CONVERSION = YES;
				CLANG_WARN_OBJC_ROOT_CLASS = YES_ERROR;
				CLANG_WARN_UNREACHABLE_CODE = YES;
				CLANG_WARN__DUPLICATE_METHOD_MATCH = YES;
				"CODE_SIGN_IDENTITY[sdk=iphoneos*]" = "iPhone Developer";
				COPY_PHASE_STRIP = NO;
				DEBUG_INFORMATION_FORMAT = "dwarf-with-dsym";
				ENABLE_STRICT_OBJC_MSGSEND = YES;
				GCC_C_LANGUAGE_STANDARD = gnu99;
				GCC_DYNAMIC_NO_PIC = NO;
				GCC_NO_COMMON_BLOCKS = YES;
				GCC_OPTIMIZATION_LEVEL = 0;
				GCC_PREPROCESSOR_DEFINITIONS = (
					"DEBUG=1",
					"$(inherited)",
				);
				GCC_SYMBOLS_PRIVATE_EXTERN = NO;
				GCC_WARN_64_TO_32_BIT_CONVERSION = YES;
				GCC_WARN_ABOUT_RETURN_TYPE = YES_ERROR;
				GCC_WARN_UNDECLARED_SELECTOR = YES;
				GCC_WARN_UNINITIALIZED_AUTOS = YES_AGGRESSIVE;
				GCC_WARN_UNUSED_FUNCTION = YES;
				GCC_WARN_UNUSED_VARIABLE = YES;
				IPHONEOS_DEPLOYMENT_TARGET = 8.3;
				MTL_ENABLE_DEBUG_INFO = YES;
				ONLY_ACTIVE_ARCH = YES;
				SDKROOT = iphoneos;
				SWIFT_OPTIMIZATION_LEVEL = "-Onone";
				TARGETED_DEVICE_FAMILY = "1,2";
			};
			name = Debug;
		};
		06C19B731B42038E00ECE7B0 /* Release */ = {
			isa = XCBuildConfiguration;
			buildSettings = {
				ALWAYS_SEARCH_USER_PATHS = NO;
				CLANG_CXX_LANGUAGE_STANDARD = "gnu++0x";
				CLANG_CXX_LIBRARY = "libc++";
				CLANG_ENABLE_MODULES = YES;
				CLANG_ENABLE_OBJC_ARC = YES;
				CLANG_WARN_BOOL_CONVERSION = YES;
				CLANG_WARN_CONSTANT_CONVERSION = YES;
				CLANG_WARN_DIRECT_OBJC_ISA_USAGE = YES_ERROR;
				CLANG_WARN_EMPTY_BODY = YES;
				CLANG_WARN_ENUM_CONVERSION = YES;
				CLANG_WARN_INT_CONVERSION = YES;
				CLANG_WARN_OBJC_ROOT_CLASS = YES_ERROR;
				CLANG_WARN_UNREACHABLE_CODE = YES;
				CLANG_WARN__DUPLICATE_METHOD_MATCH = YES;
				"CODE_SIGN_IDENTITY[sdk=iphoneos*]" = "iPhone Developer";
				COPY_PHASE_STRIP = NO;
				DEBUG_INFORMATION_FORMAT = "dwarf-with-dsym";
				ENABLE_NS_ASSERTIONS = NO;
				ENABLE_STRICT_OBJC_MSGSEND = YES;
				GCC_C_LANGUAGE_STANDARD = gnu99;
				GCC_NO_COMMON_BLOCKS = YES;
				GCC_WARN_64_TO_32_BIT_CONVERSION = YES;
				GCC_WARN_ABOUT_RETURN_TYPE = YES_ERROR;
				GCC_WARN_UNDECLARED_SELECTOR = YES;
				GCC_WARN_UNINITIALIZED_AUTOS = YES_AGGRESSIVE;
				GCC_WARN_UNUSED_FUNCTION = YES;
				GCC_WARN_UNUSED_VARIABLE = YES;
				IPHONEOS_DEPLOYMENT_TARGET = 8.3;
				MTL_ENABLE_DEBUG_INFO = NO;
				SDKROOT = iphoneos;
				TARGETED_DEVICE_FAMILY = "1,2";
				VALIDATE_PRODUCT = YES;
			};
			name = Release;
		};
		06C19B751B42038E00ECE7B0 /* Debug */ = {
			isa = XCBuildConfiguration;
			buildSettings = {
				ASSETCATALOG_COMPILER_APPICON_NAME = AppIcon;
				INFOPLIST_FILE = ClickCounter/Info.plist;
				LD_RUNPATH_SEARCH_PATHS = "$(inherited) @executable_path/Frameworks";
				PRODUCT_NAME = "$(TARGET_NAME)";
			};
			name = Debug;
		};
		06C19B761B42038E00ECE7B0 /* Release */ = {
			isa = XCBuildConfiguration;
			buildSettings = {
				ASSETCATALOG_COMPILER_APPICON_NAME = AppIcon;
				INFOPLIST_FILE = ClickCounter/Info.plist;
				LD_RUNPATH_SEARCH_PATHS = "$(inherited) @executable_path/Frameworks";
				PRODUCT_NAME = "$(TARGET_NAME)";
			};
			name = Release;
		};
		06C19B781B42038E00ECE7B0 /* Debug */ = {
			isa = XCBuildConfiguration;
			buildSettings = {
				BUNDLE_LOADER = "$(TEST_HOST)";
				FRAMEWORK_SEARCH_PATHS = (
					"$(SDKROOT)/Developer/Library/Frameworks",
					"$(inherited)",
				);
				GCC_PREPROCESSOR_DEFINITIONS = (
					"DEBUG=1",
					"$(inherited)",
				);
				INFOPLIST_FILE = ClickCounterTests/Info.plist;
				LD_RUNPATH_SEARCH_PATHS = "$(inherited) @executable_path/Frameworks @loader_path/Frameworks";
				PRODUCT_NAME = "$(TARGET_NAME)";
				TEST_HOST = "$(BUILT_PRODUCTS_DIR)/ClickCounter.app/ClickCounter";
			};
			name = Debug;
		};
		06C19B791B42038E00ECE7B0 /* Release */ = {
			isa = XCBuildConfiguration;
			buildSettings = {
				BUNDLE_LOADER = "$(TEST_HOST)";
				FRAMEWORK_SEARCH_PATHS = (
					"$(SDKROOT)/Developer/Library/Frameworks",
					"$(inherited)",
				);
				INFOPLIST_FILE = ClickCounterTests/Info.plist;
				LD_RUNPATH_SEARCH_PATHS = "$(inherited) @executable_path/Frameworks @loader_path/Frameworks";
				PRODUCT_NAME = "$(TARGET_NAME)";
				TEST_HOST = "$(BUILT_PRODUCTS_DIR)/ClickCounter.app/ClickCounter";
			};
			name = Release;
		};
/* End XCBuildConfiguration section */

/* Begin XCConfigurationList section */
		06C19B501B42038E00ECE7B0 /* Build configuration list for PBXProject "ClickCounter" */ = {
			isa = XCConfigurationList;
			buildConfigurations = (
				06C19B721B42038E00ECE7B0 /* Debug */,
				06C19B731B42038E00ECE7B0 /* Release */,
			);
			defaultConfigurationIsVisible = 0;
			defaultConfigurationName = Release;
		};
		06C19B741B42038E00ECE7B0 /* Build configuration list for PBXNativeTarget "ClickCounter" */ = {
			isa = XCConfigurationList;
			buildConfigurations = (
				06C19B751B42038E00ECE7B0 /* Debug */,
				06C19B761B42038E00ECE7B0 /* Release */,
			);
			defaultConfigurationIsVisible = 0;
		};
		06C19B771B42038E00ECE7B0 /* Build configuration list for PBXNativeTarget "ClickCounterTests" */ = {
			isa = XCConfigurationList;
			buildConfigurations = (
				06C19B781B42038E00ECE7B0 /* Debug */,
				06C19B791B42038E00ECE7B0 /* Release */,
			);
			defaultConfigurationIsVisible = 0;
		};
/* End XCConfigurationList section */
	};
	rootObject = 06C19B4D1B42038E00ECE7B0 /* Project object */;
}
